// !$*UTF8*$!
{
	archiveVersion = 1;
	classes = {
	};
	objectVersion = 46;
	objects = {

/* Begin PBXBuildFile section */
		26181F931D1C777500EEF69E /* FoldingTabBar.framework in Frameworks */ = {isa = PBXBuildFile; fileRef = 26181F921D1C777400EEF69E /* FoldingTabBar.framework */; };
		26181F941D1C778300EEF69E /* FoldingTabBar.framework in Resources */ = {isa = PBXBuildFile; fileRef = 26181F921D1C777400EEF69E /* FoldingTabBar.framework */; };
		26181F961D1C7C3400EEF69E /* plus_icon@2x.png in Resources */ = {isa = PBXBuildFile; fileRef = 26181F951D1C7C3400EEF69E /* plus_icon@2x.png */; };
		26181FA11D1C7DB200EEF69E /* Keyboard-50w@2x.png in Resources */ = {isa = PBXBuildFile; fileRef = 26181F9F1D1C7DB200EEF69E /* Keyboard-50w@2x.png */; };
		26181FA21D1C7DB200EEF69E /* Rocket-50w@2x.png in Resources */ = {isa = PBXBuildFile; fileRef = 26181FA01D1C7DB200EEF69E /* Rocket-50w@2x.png */; };
		262988A61D1FBCBE00478DDA /* InputCommandsController.swift in Sources */ = {isa = PBXBuildFile; fileRef = 262988A51D1FBCBE00478DDA /* InputCommandsController.swift */; };
		262988A81D1FCE6F00478DDA /* ScanTableViewController.swift in Sources */ = {isa = PBXBuildFile; fileRef = 262988A71D1FCE6F00478DDA /* ScanTableViewController.swift */; };
		266263AD1D1A9F5700B4E99F /* ArdControlView.xib in Resources */ = {isa = PBXBuildFile; fileRef = 266263AC1D1A9F5700B4E99F /* ArdControlView.xib */; };
		26A1C1CC1D1C865100A38B1A /* SAMultisectorControl.framework in Frameworks */ = {isa = PBXBuildFile; fileRef = 26A1C1CB1D1C865100A38B1A /* SAMultisectorControl.framework */; };
		26A1C1CD1D1C865700A38B1A /* SAMultisectorControl.framework in Resources */ = {isa = PBXBuildFile; fileRef = 26A1C1CB1D1C865100A38B1A /* SAMultisectorControl.framework */; };
		26A1C1CF1D1C86CE00A38B1A /* ArdUIController.swift in Sources */ = {isa = PBXBuildFile; fileRef = 26A1C1CE1D1C86CE00A38B1A /* ArdUIController.swift */; };
		4D3569FC712B5C2012CCF022 /* Pods.framework in Frameworks */ = {isa = PBXBuildFile; fileRef = 40E396475E560083CEC315F3 /* Pods.framework */; };
		DB05CED61CEEE7E100990DE4 /* AppDelegate.swift in Sources */ = {isa = PBXBuildFile; fileRef = DB05CED51CEEE7E100990DE4 /* AppDelegate.swift */; };
		DB05CED81CEEE7E100990DE4 /* CustomTabBarViewController.swift in Sources */ = {isa = PBXBuildFile; fileRef = DB05CED71CEEE7E100990DE4 /* CustomTabBarViewController.swift */; };
		DB05CEDB1CEEE7E100990DE4 /* Main.storyboard in Resources */ = {isa = PBXBuildFile; fileRef = DB05CED91CEEE7E100990DE4 /* Main.storyboard */; };
		DB05CEDD1CEEE7E100990DE4 /* Assets.xcassets in Resources */ = {isa = PBXBuildFile; fileRef = DB05CEDC1CEEE7E100990DE4 /* Assets.xcassets */; };
		DB05CEE01CEEE7E100990DE4 /* LaunchScreen.storyboard in Resources */ = {isa = PBXBuildFile; fileRef = DB05CEDE1CEEE7E100990DE4 /* LaunchScreen.storyboard */; };
		DB05CEE51CEEE7E100990DE4 /* iOSArduinoControl WatchKit App.app in Embed Watch Content */ = {isa = PBXBuildFile; fileRef = DB05CEE41CEEE7E100990DE4 /* iOSArduinoControl WatchKit App.app */; };
		DB05CEEB1CEEE7E100990DE4 /* Interface.storyboard in Resources */ = {isa = PBXBuildFile; fileRef = DB05CEE91CEEE7E100990DE4 /* Interface.storyboard */; };
		DB05CEED1CEEE7E100990DE4 /* Assets.xcassets in Resources */ = {isa = PBXBuildFile; fileRef = DB05CEEC1CEEE7E100990DE4 /* Assets.xcassets */; };
		DB05CEF41CEEE7E100990DE4 /* iOSArduinoControl WatchKit Extension.appex in Embed App Extensions */ = {isa = PBXBuildFile; fileRef = DB05CEF31CEEE7E100990DE4 /* iOSArduinoControl WatchKit Extension.appex */; settings = {ATTRIBUTES = (RemoveHeadersOnCopy, ); }; };
		DB05CEFB1CEEE7E100990DE4 /* InterfaceController.swift in Sources */ = {isa = PBXBuildFile; fileRef = DB05CEFA1CEEE7E100990DE4 /* InterfaceController.swift */; };
		DB05CEFD1CEEE7E100990DE4 /* ExtensionDelegate.swift in Sources */ = {isa = PBXBuildFile; fileRef = DB05CEFC1CEEE7E100990DE4 /* ExtensionDelegate.swift */; };
		DB05CEFF1CEEE7E100990DE4 /* NotificationController.swift in Sources */ = {isa = PBXBuildFile; fileRef = DB05CEFE1CEEE7E100990DE4 /* NotificationController.swift */; };
		DB05CF011CEEE7E100990DE4 /* GlanceController.swift in Sources */ = {isa = PBXBuildFile; fileRef = DB05CF001CEEE7E100990DE4 /* GlanceController.swift */; };
		DB05CF031CEEE7E100990DE4 /* ComplicationController.swift in Sources */ = {isa = PBXBuildFile; fileRef = DB05CF021CEEE7E100990DE4 /* ComplicationController.swift */; };
		DB05CF051CEEE7E100990DE4 /* Assets.xcassets in Resources */ = {isa = PBXBuildFile; fileRef = DB05CF041CEEE7E100990DE4 /* Assets.xcassets */; };
		DB293EAC1CF9A9C500A18BCF /* BluetoothKit.swift in Sources */ = {isa = PBXBuildFile; fileRef = DB293EAB1CF9A9C500A18BCF /* BluetoothKit.swift */; };
		E22E9AE01D069CF600DF38BF /* BluetoothConvenience.swift in Sources */ = {isa = PBXBuildFile; fileRef = E22E9ADF1D069CF600DF38BF /* BluetoothConvenience.swift */; };
/* End PBXBuildFile section */

/* Begin PBXContainerItemProxy section */
		DB05CEE61CEEE7E100990DE4 /* PBXContainerItemProxy */ = {
			isa = PBXContainerItemProxy;
			containerPortal = DB05CECA1CEEE7E000990DE4 /* Project object */;
			proxyType = 1;
			remoteGlobalIDString = DB05CEE31CEEE7E100990DE4;
			remoteInfo = "iOSArduinoControl WatchKit App";
		};
		DB05CEF51CEEE7E100990DE4 /* PBXContainerItemProxy */ = {
			isa = PBXContainerItemProxy;
			containerPortal = DB05CECA1CEEE7E000990DE4 /* Project object */;
			proxyType = 1;
			remoteGlobalIDString = DB05CEF21CEEE7E100990DE4;
			remoteInfo = "iOSArduinoControl WatchKit Extension";
		};
/* End PBXContainerItemProxy section */

/* Begin PBXCopyFilesBuildPhase section */
		DB05CF0C1CEEE7E100990DE4 /* Embed App Extensions */ = {
			isa = PBXCopyFilesBuildPhase;
			buildActionMask = 2147483647;
			dstPath = "";
			dstSubfolderSpec = 13;
			files = (
				DB05CEF41CEEE7E100990DE4 /* iOSArduinoControl WatchKit Extension.appex in Embed App Extensions */,
			);
			name = "Embed App Extensions";
			runOnlyForDeploymentPostprocessing = 0;
		};
		DB05CF101CEEE7E100990DE4 /* Embed Watch Content */ = {
			isa = PBXCopyFilesBuildPhase;
			buildActionMask = 2147483647;
			dstPath = "$(CONTENTS_FOLDER_PATH)/Watch";
			dstSubfolderSpec = 16;
			files = (
				DB05CEE51CEEE7E100990DE4 /* iOSArduinoControl WatchKit App.app in Embed Watch Content */,
			);
			name = "Embed Watch Content";
			runOnlyForDeploymentPostprocessing = 0;
		};
/* End PBXCopyFilesBuildPhase section */

/* Begin PBXFileReference section */
		26181F921D1C777400EEF69E /* FoldingTabBar.framework */ = {isa = PBXFileReference; lastKnownFileType = wrapper.framework; name = FoldingTabBar.framework; path = "../../Library/Developer/Xcode/DerivedData/iOSArduinoControl-caxvzioersnhulfuglfuyhcuwvtf/Build/Products/Debug-iphonesimulator/FoldingTabBar.framework"; sourceTree = "<group>"; };
		26181F951D1C7C3400EEF69E /* plus_icon@2x.png */ = {isa = PBXFileReference; lastKnownFileType = image.png; path = "plus_icon@2x.png"; sourceTree = "<group>"; };
		26181F9F1D1C7DB200EEF69E /* Keyboard-50w@2x.png */ = {isa = PBXFileReference; lastKnownFileType = image.png; path = "Keyboard-50w@2x.png"; sourceTree = "<group>"; };
		26181FA01D1C7DB200EEF69E /* Rocket-50w@2x.png */ = {isa = PBXFileReference; lastKnownFileType = image.png; path = "Rocket-50w@2x.png"; sourceTree = "<group>"; };
		262988A51D1FBCBE00478DDA /* InputCommandsController.swift */ = {isa = PBXFileReference; fileEncoding = 4; lastKnownFileType = sourcecode.swift; path = InputCommandsController.swift; sourceTree = "<group>"; };
		262988A71D1FCE6F00478DDA /* ScanTableViewController.swift */ = {isa = PBXFileReference; fileEncoding = 4; lastKnownFileType = sourcecode.swift; path = ScanTableViewController.swift; sourceTree = "<group>"; };
		266263AC1D1A9F5700B4E99F /* ArdControlView.xib */ = {isa = PBXFileReference; fileEncoding = 4; lastKnownFileType = file.xib; path = ArdControlView.xib; sourceTree = "<group>"; };
		26A1C1CB1D1C865100A38B1A /* SAMultisectorControl.framework */ = {isa = PBXFileReference; lastKnownFileType = wrapper.framework; name = SAMultisectorControl.framework; path = "../../Library/Developer/Xcode/DerivedData/iOSArduinoControl-caxvzioersnhulfuglfuyhcuwvtf/Build/Products/Debug-iphonesimulator/SAMultisectorControl.framework"; sourceTree = "<group>"; };
		26A1C1CE1D1C86CE00A38B1A /* ArdUIController.swift */ = {isa = PBXFileReference; fileEncoding = 4; lastKnownFileType = sourcecode.swift; path = ArdUIController.swift; sourceTree = "<group>"; };
		31EB58443A5CA85D22C32BD9 /* Pods.debug.xcconfig */ = {isa = PBXFileReference; includeInIndex = 1; lastKnownFileType = text.xcconfig; name = Pods.debug.xcconfig; path = "Pods/Target Support Files/Pods/Pods.debug.xcconfig"; sourceTree = "<group>"; };
		40E396475E560083CEC315F3 /* Pods.framework */ = {isa = PBXFileReference; explicitFileType = wrapper.framework; includeInIndex = 0; path = Pods.framework; sourceTree = BUILT_PRODUCTS_DIR; };
		86426DBB408EB8457F4CA347 /* Pods.release.xcconfig */ = {isa = PBXFileReference; includeInIndex = 1; lastKnownFileType = text.xcconfig; name = Pods.release.xcconfig; path = "Pods/Target Support Files/Pods/Pods.release.xcconfig"; sourceTree = "<group>"; };
		DB05CED21CEEE7E100990DE4 /* iOSArduinoControl.app */ = {isa = PBXFileReference; explicitFileType = wrapper.application; includeInIndex = 0; path = iOSArduinoControl.app; sourceTree = BUILT_PRODUCTS_DIR; };
		DB05CED51CEEE7E100990DE4 /* AppDelegate.swift */ = {isa = PBXFileReference; lastKnownFileType = sourcecode.swift; path = AppDelegate.swift; sourceTree = "<group>"; };
		DB05CED71CEEE7E100990DE4 /* CustomTabBarViewController.swift */ = {isa = PBXFileReference; lastKnownFileType = sourcecode.swift; path = CustomTabBarViewController.swift; sourceTree = "<group>"; };
		DB05CEDA1CEEE7E100990DE4 /* Base */ = {isa = PBXFileReference; lastKnownFileType = file.storyboard; name = Base; path = Base.lproj/Main.storyboard; sourceTree = "<group>"; };
		DB05CEDC1CEEE7E100990DE4 /* Assets.xcassets */ = {isa = PBXFileReference; lastKnownFileType = folder.assetcatalog; path = Assets.xcassets; sourceTree = "<group>"; };
		DB05CEDF1CEEE7E100990DE4 /* Base */ = {isa = PBXFileReference; lastKnownFileType = file.storyboard; name = Base; path = Base.lproj/LaunchScreen.storyboard; sourceTree = "<group>"; };
		DB05CEE11CEEE7E100990DE4 /* Info.plist */ = {isa = PBXFileReference; lastKnownFileType = text.plist.xml; path = Info.plist; sourceTree = "<group>"; };
		DB05CEE41CEEE7E100990DE4 /* iOSArduinoControl WatchKit App.app */ = {isa = PBXFileReference; explicitFileType = wrapper.application; includeInIndex = 0; path = "iOSArduinoControl WatchKit App.app"; sourceTree = BUILT_PRODUCTS_DIR; };
		DB05CEEA1CEEE7E100990DE4 /* Base */ = {isa = PBXFileReference; lastKnownFileType = file.storyboard; name = Base; path = Base.lproj/Interface.storyboard; sourceTree = "<group>"; };
		DB05CEEC1CEEE7E100990DE4 /* Assets.xcassets */ = {isa = PBXFileReference; lastKnownFileType = folder.assetcatalog; path = Assets.xcassets; sourceTree = "<group>"; };
		DB05CEEE1CEEE7E100990DE4 /* Info.plist */ = {isa = PBXFileReference; lastKnownFileType = text.plist.xml; path = Info.plist; sourceTree = "<group>"; };
		DB05CEF31CEEE7E100990DE4 /* iOSArduinoControl WatchKit Extension.appex */ = {isa = PBXFileReference; explicitFileType = "wrapper.app-extension"; includeInIndex = 0; path = "iOSArduinoControl WatchKit Extension.appex"; sourceTree = BUILT_PRODUCTS_DIR; };
		DB05CEF91CEEE7E100990DE4 /* PushNotificationPayload.apns */ = {isa = PBXFileReference; lastKnownFileType = text; path = PushNotificationPayload.apns; sourceTree = "<group>"; };
		DB05CEFA1CEEE7E100990DE4 /* InterfaceController.swift */ = {isa = PBXFileReference; lastKnownFileType = sourcecode.swift; path = InterfaceController.swift; sourceTree = "<group>"; };
		DB05CEFC1CEEE7E100990DE4 /* ExtensionDelegate.swift */ = {isa = PBXFileReference; lastKnownFileType = sourcecode.swift; path = ExtensionDelegate.swift; sourceTree = "<group>"; };
		DB05CEFE1CEEE7E100990DE4 /* NotificationController.swift */ = {isa = PBXFileReference; lastKnownFileType = sourcecode.swift; path = NotificationController.swift; sourceTree = "<group>"; };
		DB05CF001CEEE7E100990DE4 /* GlanceController.swift */ = {isa = PBXFileReference; lastKnownFileType = sourcecode.swift; path = GlanceController.swift; sourceTree = "<group>"; };
		DB05CF021CEEE7E100990DE4 /* ComplicationController.swift */ = {isa = PBXFileReference; lastKnownFileType = sourcecode.swift; path = ComplicationController.swift; sourceTree = "<group>"; };
		DB05CF041CEEE7E100990DE4 /* Assets.xcassets */ = {isa = PBXFileReference; lastKnownFileType = folder.assetcatalog; path = Assets.xcassets; sourceTree = "<group>"; };
		DB05CF061CEEE7E100990DE4 /* Info.plist */ = {isa = PBXFileReference; lastKnownFileType = text.plist.xml; path = Info.plist; sourceTree = "<group>"; };
		DB293EAB1CF9A9C500A18BCF /* BluetoothKit.swift */ = {isa = PBXFileReference; fileEncoding = 4; lastKnownFileType = sourcecode.swift; path = BluetoothKit.swift; sourceTree = "<group>"; };
		E22E9ADF1D069CF600DF38BF /* BluetoothConvenience.swift */ = {isa = PBXFileReference; fileEncoding = 4; lastKnownFileType = sourcecode.swift; path = BluetoothConvenience.swift; sourceTree = "<group>"; };
/* End PBXFileReference section */

/* Begin PBXFrameworksBuildPhase section */
		DB05CECF1CEEE7E100990DE4 /* Frameworks */ = {
			isa = PBXFrameworksBuildPhase;
			buildActionMask = 2147483647;
			files = (
				26A1C1CC1D1C865100A38B1A /* SAMultisectorControl.framework in Frameworks */,
				26181F931D1C777500EEF69E /* FoldingTabBar.framework in Frameworks */,
				4D3569FC712B5C2012CCF022 /* Pods.framework in Frameworks */,
			);
			runOnlyForDeploymentPostprocessing = 0;
		};
		DB05CEF01CEEE7E100990DE4 /* Frameworks */ = {
			isa = PBXFrameworksBuildPhase;
			buildActionMask = 2147483647;
			files = (
			);
			runOnlyForDeploymentPostprocessing = 0;
		};
/* End PBXFrameworksBuildPhase section */

/* Begin PBXGroup section */
		26181F8C1D1C754000EEF69E /* images */ = {
			isa = PBXGroup;
			children = (
				26181F8D1D1C755200EEF69E /* tabbaricons */,
			);
			name = images;
			path = "iOSArduinoControl WatchKit App";
			sourceTree = SOURCE_ROOT;
		};
		26181F8D1D1C755200EEF69E /* tabbaricons */ = {
			isa = PBXGroup;
			children = (
				26181F9F1D1C7DB200EEF69E /* Keyboard-50w@2x.png */,
				26181FA01D1C7DB200EEF69E /* Rocket-50w@2x.png */,
				26181F951D1C7C3400EEF69E /* plus_icon@2x.png */,
			);
			name = tabbaricons;
			sourceTree = "<group>";
		};
		8C6889675E463D77D59A4B57 /* Pods */ = {
			isa = PBXGroup;
			children = (
				31EB58443A5CA85D22C32BD9 /* Pods.debug.xcconfig */,
				86426DBB408EB8457F4CA347 /* Pods.release.xcconfig */,
			);
			name = Pods;
			sourceTree = "<group>";
		};
		DB05CEC91CEEE7E000990DE4 = {
			isa = PBXGroup;
			children = (
				DB05CED41CEEE7E100990DE4 /* iOSArduinoControl */,
				26181F8C1D1C754000EEF69E /* images */,
				DB05CEE81CEEE7E100990DE4 /* iOSArduinoControl WatchKit App */,
				DB05CEF71CEEE7E100990DE4 /* iOSArduinoControl WatchKit Extension */,
				DB05CED31CEEE7E100990DE4 /* Products */,
				8C6889675E463D77D59A4B57 /* Pods */,
				E0D5B84A5CB98CAC7D54EA7A /* Frameworks */,
			);
			sourceTree = "<group>";
		};
		DB05CED31CEEE7E100990DE4 /* Products */ = {
			isa = PBXGroup;
			children = (
				DB05CED21CEEE7E100990DE4 /* iOSArduinoControl.app */,
				DB05CEE41CEEE7E100990DE4 /* iOSArduinoControl WatchKit App.app */,
				DB05CEF31CEEE7E100990DE4 /* iOSArduinoControl WatchKit Extension.appex */,
			);
			name = Products;
			sourceTree = "<group>";
		};
		DB05CED41CEEE7E100990DE4 /* iOSArduinoControl */ = {
			isa = PBXGroup;
			children = (
				DB05CED51CEEE7E100990DE4 /* AppDelegate.swift */,
				26A1C1CE1D1C86CE00A38B1A /* ArdUIController.swift */,
				262988A51D1FBCBE00478DDA /* InputCommandsController.swift */,
				DB293EAB1CF9A9C500A18BCF /* BluetoothKit.swift */,
				DB05CED71CEEE7E100990DE4 /* CustomTabBarViewController.swift */,
				DB05CED91CEEE7E100990DE4 /* Main.storyboard */,
				262988A71D1FCE6F00478DDA /* ScanTableViewController.swift */,
				DB05CEDC1CEEE7E100990DE4 /* Assets.xcassets */,
				DB05CEDE1CEEE7E100990DE4 /* LaunchScreen.storyboard */,
				DB05CEE11CEEE7E100990DE4 /* Info.plist */,
				E22E9ADF1D069CF600DF38BF /* BluetoothConvenience.swift */,
				266263AC1D1A9F5700B4E99F /* ArdControlView.xib */,
			);
			path = iOSArduinoControl;
			sourceTree = "<group>";
		};
		DB05CEE81CEEE7E100990DE4 /* iOSArduinoControl WatchKit App */ = {
			isa = PBXGroup;
			children = (
				DB05CEE91CEEE7E100990DE4 /* Interface.storyboard */,
				DB05CEEC1CEEE7E100990DE4 /* Assets.xcassets */,
				DB05CEEE1CEEE7E100990DE4 /* Info.plist */,
			);
			path = "iOSArduinoControl WatchKit App";
			sourceTree = "<group>";
		};
		DB05CEF71CEEE7E100990DE4 /* iOSArduinoControl WatchKit Extension */ = {
			isa = PBXGroup;
			children = (
				DB05CEFA1CEEE7E100990DE4 /* InterfaceController.swift */,
				DB05CEFC1CEEE7E100990DE4 /* ExtensionDelegate.swift */,
				DB05CEFE1CEEE7E100990DE4 /* NotificationController.swift */,
				DB05CF001CEEE7E100990DE4 /* GlanceController.swift */,
				DB05CF021CEEE7E100990DE4 /* ComplicationController.swift */,
				DB05CF041CEEE7E100990DE4 /* Assets.xcassets */,
				DB05CF061CEEE7E100990DE4 /* Info.plist */,
				DB05CEF81CEEE7E100990DE4 /* Supporting Files */,
			);
			path = "iOSArduinoControl WatchKit Extension";
			sourceTree = "<group>";
		};
		DB05CEF81CEEE7E100990DE4 /* Supporting Files */ = {
			isa = PBXGroup;
			children = (
				DB05CEF91CEEE7E100990DE4 /* PushNotificationPayload.apns */,
			);
			name = "Supporting Files";
			sourceTree = "<group>";
		};
		E0D5B84A5CB98CAC7D54EA7A /* Frameworks */ = {
			isa = PBXGroup;
			children = (
				26A1C1CB1D1C865100A38B1A /* SAMultisectorControl.framework */,
				26181F921D1C777400EEF69E /* FoldingTabBar.framework */,
				40E396475E560083CEC315F3 /* Pods.framework */,
			);
			name = Frameworks;
			sourceTree = "<group>";
		};
/* End PBXGroup section */

/* Begin PBXNativeTarget section */
		DB05CED11CEEE7E100990DE4 /* iOSArduinoControl */ = {
			isa = PBXNativeTarget;
			buildConfigurationList = DB05CF111CEEE7E100990DE4 /* Build configuration list for PBXNativeTarget "iOSArduinoControl" */;
			buildPhases = (
				8E84C3C299A54C045528CBE9 /* Check Pods Manifest.lock */,
				DB05CECE1CEEE7E100990DE4 /* Sources */,
				DB05CECF1CEEE7E100990DE4 /* Frameworks */,
				DB05CED01CEEE7E100990DE4 /* Resources */,
				DB05CF101CEEE7E100990DE4 /* Embed Watch Content */,
				0441C76DB302729884291B8B /* Embed Pods Frameworks */,
				A3BB8B6F3D27ECEA052DB4CB /* Copy Pods Resources */,
			);
			buildRules = (
			);
			dependencies = (
				DB05CEE71CEEE7E100990DE4 /* PBXTargetDependency */,
			);
			name = iOSArduinoControl;
			productName = iOSArduinoControl;
			productReference = DB05CED21CEEE7E100990DE4 /* iOSArduinoControl.app */;
			productType = "com.apple.product-type.application";
		};
		DB05CEE31CEEE7E100990DE4 /* iOSArduinoControl WatchKit App */ = {
			isa = PBXNativeTarget;
			buildConfigurationList = DB05CF0D1CEEE7E100990DE4 /* Build configuration list for PBXNativeTarget "iOSArduinoControl WatchKit App" */;
			buildPhases = (
				DB05CEE21CEEE7E100990DE4 /* Resources */,
				DB05CF0C1CEEE7E100990DE4 /* Embed App Extensions */,
			);
			buildRules = (
			);
			dependencies = (
				DB05CEF61CEEE7E100990DE4 /* PBXTargetDependency */,
			);
			name = "iOSArduinoControl WatchKit App";
			productName = "iOSArduinoControl WatchKit App";
			productReference = DB05CEE41CEEE7E100990DE4 /* iOSArduinoControl WatchKit App.app */;
			productType = "com.apple.product-type.application.watchapp2";
		};
		DB05CEF21CEEE7E100990DE4 /* iOSArduinoControl WatchKit Extension */ = {
			isa = PBXNativeTarget;
			buildConfigurationList = DB05CF091CEEE7E100990DE4 /* Build configuration list for PBXNativeTarget "iOSArduinoControl WatchKit Extension" */;
			buildPhases = (
				DB05CEEF1CEEE7E100990DE4 /* Sources */,
				DB05CEF01CEEE7E100990DE4 /* Frameworks */,
				DB05CEF11CEEE7E100990DE4 /* Resources */,
			);
			buildRules = (
			);
			dependencies = (
			);
			name = "iOSArduinoControl WatchKit Extension";
			productName = "iOSArduinoControl WatchKit Extension";
			productReference = DB05CEF31CEEE7E100990DE4 /* iOSArduinoControl WatchKit Extension.appex */;
			productType = "com.apple.product-type.watchkit2-extension";
		};
/* End PBXNativeTarget section */

/* Begin PBXProject section */
		DB05CECA1CEEE7E000990DE4 /* Project object */ = {
			isa = PBXProject;
			attributes = {
				LastSwiftUpdateCheck = 0730;
				LastUpgradeCheck = 0800;
				ORGANIZATIONNAME = "Philipp Gabriel";
				TargetAttributes = {
					DB05CED11CEEE7E100990DE4 = {
						CreatedOnToolsVersion = 7.3;
						DevelopmentTeam = 2W7U8VJ36R;
						DevelopmentTeamName = "Damir Kozica";
						LastSwiftMigration = 0800;
					};
					DB05CEE31CEEE7E100990DE4 = {
						CreatedOnToolsVersion = 7.3;
						DevelopmentTeam = Q5MZT8NG66;
					};
					DB05CEF21CEEE7E100990DE4 = {
						CreatedOnToolsVersion = 7.3;
						DevelopmentTeam = Q5MZT8NG66;
						LastSwiftMigration = 0800;
					};
				};
			};
			buildConfigurationList = DB05CECD1CEEE7E000990DE4 /* Build configuration list for PBXProject "iOSArduinoControl" */;
			compatibilityVersion = "Xcode 3.2";
			developmentRegion = English;
			hasScannedForEncodings = 0;
			knownRegions = (
				en,
				Base,
			);
			mainGroup = DB05CEC91CEEE7E000990DE4;
			productRefGroup = DB05CED31CEEE7E100990DE4 /* Products */;
			projectDirPath = "";
			projectRoot = "";
			targets = (
				DB05CED11CEEE7E100990DE4 /* iOSArduinoControl */,
				DB05CEE31CEEE7E100990DE4 /* iOSArduinoControl WatchKit App */,
				DB05CEF21CEEE7E100990DE4 /* iOSArduinoControl WatchKit Extension */,
			);
		};
/* End PBXProject section */

/* Begin PBXResourcesBuildPhase section */
		DB05CED01CEEE7E100990DE4 /* Resources */ = {
			isa = PBXResourcesBuildPhase;
			buildActionMask = 2147483647;
			files = (
				26A1C1CD1D1C865700A38B1A /* SAMultisectorControl.framework in Resources */,
				26181F941D1C778300EEF69E /* FoldingTabBar.framework in Resources */,
				26181F961D1C7C3400EEF69E /* plus_icon@2x.png in Resources */,
				DB05CEE01CEEE7E100990DE4 /* LaunchScreen.storyboard in Resources */,
				DB05CEDD1CEEE7E100990DE4 /* Assets.xcassets in Resources */,
				266263AD1D1A9F5700B4E99F /* ArdControlView.xib in Resources */,
				DB05CEDB1CEEE7E100990DE4 /* Main.storyboard in Resources */,
				26181FA11D1C7DB200EEF69E /* Keyboard-50w@2x.png in Resources */,
				26181FA21D1C7DB200EEF69E /* Rocket-50w@2x.png in Resources */,
			);
			runOnlyForDeploymentPostprocessing = 0;
		};
		DB05CEE21CEEE7E100990DE4 /* Resources */ = {
			isa = PBXResourcesBuildPhase;
			buildActionMask = 2147483647;
			files = (
				DB05CEED1CEEE7E100990DE4 /* Assets.xcassets in Resources */,
				DB05CEEB1CEEE7E100990DE4 /* Interface.storyboard in Resources */,
			);
			runOnlyForDeploymentPostprocessing = 0;
		};
		DB05CEF11CEEE7E100990DE4 /* Resources */ = {
			isa = PBXResourcesBuildPhase;
			buildActionMask = 2147483647;
			files = (
				DB05CF051CEEE7E100990DE4 /* Assets.xcassets in Resources */,
			);
			runOnlyForDeploymentPostprocessing = 0;
		};
/* End PBXResourcesBuildPhase section */

/* Begin PBXShellScriptBuildPhase section */
		0441C76DB302729884291B8B /* Embed Pods Frameworks */ = {
			isa = PBXShellScriptBuildPhase;
			buildActionMask = 2147483647;
			files = (
			);
			inputPaths = (
			);
			name = "Embed Pods Frameworks";
			outputPaths = (
			);
			runOnlyForDeploymentPostprocessing = 0;
			shellPath = /bin/sh;
			shellScript = "\"${SRCROOT}/Pods/Target Support Files/Pods/Pods-frameworks.sh\"\n";
			showEnvVarsInLog = 0;
		};
		8E84C3C299A54C045528CBE9 /* Check Pods Manifest.lock */ = {
			isa = PBXShellScriptBuildPhase;
			buildActionMask = 2147483647;
			files = (
			);
			inputPaths = (
			);
			name = "Check Pods Manifest.lock";
			outputPaths = (
			);
			runOnlyForDeploymentPostprocessing = 0;
			shellPath = /bin/sh;
			shellScript = "diff \"${PODS_ROOT}/../Podfile.lock\" \"${PODS_ROOT}/Manifest.lock\" > /dev/null\nif [[ $? != 0 ]] ; then\n    cat << EOM\nerror: The sandbox is not in sync with the Podfile.lock. Run 'pod install' or update your CocoaPods installation.\nEOM\n    exit 1\nfi\n";
			showEnvVarsInLog = 0;
		};
		A3BB8B6F3D27ECEA052DB4CB /* Copy Pods Resources */ = {
			isa = PBXShellScriptBuildPhase;
			buildActionMask = 2147483647;
			files = (
			);
			inputPaths = (
			);
			name = "Copy Pods Resources";
			outputPaths = (
			);
			runOnlyForDeploymentPostprocessing = 0;
			shellPath = /bin/sh;
			shellScript = "\"${SRCROOT}/Pods/Target Support Files/Pods/Pods-resources.sh\"\n";
			showEnvVarsInLog = 0;
		};
/* End PBXShellScriptBuildPhase section */

/* Begin PBXSourcesBuildPhase section */
		DB05CECE1CEEE7E100990DE4 /* Sources */ = {
			isa = PBXSourcesBuildPhase;
			buildActionMask = 2147483647;
			files = (
				E22E9AE01D069CF600DF38BF /* BluetoothConvenience.swift in Sources */,
				DB05CED81CEEE7E100990DE4 /* CustomTabBarViewController.swift in Sources */,
				DB293EAC1CF9A9C500A18BCF /* BluetoothKit.swift in Sources */,
				262988A81D1FCE6F00478DDA /* ScanTableViewController.swift in Sources */,
				26A1C1CF1D1C86CE00A38B1A /* ArdUIController.swift in Sources */,
				262988A61D1FBCBE00478DDA /* InputCommandsController.swift in Sources */,
				DB05CED61CEEE7E100990DE4 /* AppDelegate.swift in Sources */,
			);
			runOnlyForDeploymentPostprocessing = 0;
		};
		DB05CEEF1CEEE7E100990DE4 /* Sources */ = {
			isa = PBXSourcesBuildPhase;
			buildActionMask = 2147483647;
			files = (
				DB05CEFF1CEEE7E100990DE4 /* NotificationController.swift in Sources */,
				DB05CEFD1CEEE7E100990DE4 /* ExtensionDelegate.swift in Sources */,
				DB05CF031CEEE7E100990DE4 /* ComplicationController.swift in Sources */,
				DB05CEFB1CEEE7E100990DE4 /* InterfaceController.swift in Sources */,
				DB05CF011CEEE7E100990DE4 /* GlanceController.swift in Sources */,
			);
			runOnlyForDeploymentPostprocessing = 0;
		};
/* End PBXSourcesBuildPhase section */

/* Begin PBXTargetDependency section */
		DB05CEE71CEEE7E100990DE4 /* PBXTargetDependency */ = {
			isa = PBXTargetDependency;
			target = DB05CEE31CEEE7E100990DE4 /* iOSArduinoControl WatchKit App */;
			targetProxy = DB05CEE61CEEE7E100990DE4 /* PBXContainerItemProxy */;
		};
		DB05CEF61CEEE7E100990DE4 /* PBXTargetDependency */ = {
			isa = PBXTargetDependency;
			target = DB05CEF21CEEE7E100990DE4 /* iOSArduinoControl WatchKit Extension */;
			targetProxy = DB05CEF51CEEE7E100990DE4 /* PBXContainerItemProxy */;
		};
/* End PBXTargetDependency section */

/* Begin PBXVariantGroup section */
		DB05CED91CEEE7E100990DE4 /* Main.storyboard */ = {
			isa = PBXVariantGroup;
			children = (
				DB05CEDA1CEEE7E100990DE4 /* Base */,
			);
			name = Main.storyboard;
			sourceTree = "<group>";
		};
		DB05CEDE1CEEE7E100990DE4 /* LaunchScreen.storyboard */ = {
			isa = PBXVariantGroup;
			children = (
				DB05CEDF1CEEE7E100990DE4 /* Base */,
			);
			name = LaunchScreen.storyboard;
			sourceTree = "<group>";
		};
		DB05CEE91CEEE7E100990DE4 /* Interface.storyboard */ = {
			isa = PBXVariantGroup;
			children = (
				DB05CEEA1CEEE7E100990DE4 /* Base */,
			);
			name = Interface.storyboard;
			sourceTree = "<group>";
		};
/* End PBXVariantGroup section */

/* Begin XCBuildConfiguration section */
		DB05CF071CEEE7E100990DE4 /* Debug */ = {
			isa = XCBuildConfiguration;
			buildSettings = {
				ALWAYS_SEARCH_USER_PATHS = NO;
				CLANG_ANALYZER_NONNULL = YES;
				CLANG_CXX_LANGUAGE_STANDARD = "gnu++0x";
				CLANG_CXX_LIBRARY = "libc++";
				CLANG_ENABLE_MODULES = YES;
				CLANG_ENABLE_OBJC_ARC = YES;
				CLANG_WARN_BOOL_CONVERSION = YES;
				CLANG_WARN_CONSTANT_CONVERSION = YES;
				CLANG_WARN_DIRECT_OBJC_ISA_USAGE = YES_ERROR;
				CLANG_WARN_EMPTY_BODY = YES;
				CLANG_WARN_ENUM_CONVERSION = YES;
				CLANG_WARN_INT_CONVERSION = YES;
				CLANG_WARN_OBJC_ROOT_CLASS = YES_ERROR;
				CLANG_WARN_UNREACHABLE_CODE = YES;
				CLANG_WARN__DUPLICATE_METHOD_MATCH = YES;
				"CODE_SIGN_IDENTITY[sdk=iphoneos*]" = "iPhone Developer";
				COPY_PHASE_STRIP = NO;
				DEBUG_INFORMATION_FORMAT = dwarf;
				ENABLE_STRICT_OBJC_MSGSEND = YES;
				ENABLE_TESTABILITY = YES;
				GCC_C_LANGUAGE_STANDARD = gnu99;
				GCC_DYNAMIC_NO_PIC = NO;
				GCC_NO_COMMON_BLOCKS = YES;
				GCC_OPTIMIZATION_LEVEL = 0;
				GCC_PREPROCESSOR_DEFINITIONS = (
					"DEBUG=1",
					"$(inherited)",
				);
				GCC_WARN_64_TO_32_BIT_CONVERSION = YES;
				GCC_WARN_ABOUT_RETURN_TYPE = YES_ERROR;
				GCC_WARN_UNDECLARED_SELECTOR = YES;
				GCC_WARN_UNINITIALIZED_AUTOS = YES_AGGRESSIVE;
				GCC_WARN_UNUSED_FUNCTION = YES;
				GCC_WARN_UNUSED_VARIABLE = YES;
				IPHONEOS_DEPLOYMENT_TARGET = 9.3;
				MTL_ENABLE_DEBUG_INFO = YES;
				ONLY_ACTIVE_ARCH = YES;
				SDKROOT = iphoneos;
				SWIFT_OPTIMIZATION_LEVEL = "-Onone";
			};
			name = Debug;
		};
		DB05CF081CEEE7E100990DE4 /* Release */ = {
			isa = XCBuildConfiguration;
			buildSettings = {
				ALWAYS_SEARCH_USER_PATHS = NO;
				CLANG_ANALYZER_NONNULL = YES;
				CLANG_CXX_LANGUAGE_STANDARD = "gnu++0x";
				CLANG_CXX_LIBRARY = "libc++";
				CLANG_ENABLE_MODULES = YES;
				CLANG_ENABLE_OBJC_ARC = YES;
				CLANG_WARN_BOOL_CONVERSION = YES;
				CLANG_WARN_CONSTANT_CONVERSION = YES;
				CLANG_WARN_DIRECT_OBJC_ISA_USAGE = YES_ERROR;
				CLANG_WARN_EMPTY_BODY = YES;
				CLANG_WARN_ENUM_CONVERSION = YES;
				CLANG_WARN_INT_CONVERSION = YES;
				CLANG_WARN_OBJC_ROOT_CLASS = YES_ERROR;
				CLANG_WARN_UNREACHABLE_CODE = YES;
				CLANG_WARN__DUPLICATE_METHOD_MATCH = YES;
				"CODE_SIGN_IDENTITY[sdk=iphoneos*]" = "iPhone Developer";
				COPY_PHASE_STRIP = NO;
				DEBUG_INFORMATION_FORMAT = "dwarf-with-dsym";
				ENABLE_NS_ASSERTIONS = NO;
				ENABLE_STRICT_OBJC_MSGSEND = YES;
				GCC_C_LANGUAGE_STANDARD = gnu99;
				GCC_NO_COMMON_BLOCKS = YES;
				GCC_WARN_64_TO_32_BIT_CONVERSION = YES;
				GCC_WARN_ABOUT_RETURN_TYPE = YES_ERROR;
				GCC_WARN_UNDECLARED_SELECTOR = YES;
				GCC_WARN_UNINITIALIZED_AUTOS = YES_AGGRESSIVE;
				GCC_WARN_UNUSED_FUNCTION = YES;
				GCC_WARN_UNUSED_VARIABLE = YES;
				IPHONEOS_DEPLOYMENT_TARGET = 9.3;
				MTL_ENABLE_DEBUG_INFO = NO;
				SDKROOT = iphoneos;
				VALIDATE_PRODUCT = YES;
			};
			name = Release;
		};
		DB05CF0A1CEEE7E100990DE4 /* Debug */ = {
			isa = XCBuildConfiguration;
			buildSettings = {
				ASSETCATALOG_COMPILER_COMPLICATION_NAME = Complication;
				INFOPLIST_FILE = "iOSArduinoControl WatchKit Extension/Info.plist";
				LD_RUNPATH_SEARCH_PATHS = "$(inherited) @executable_path/Frameworks @executable_path/../../Frameworks";
				PRODUCT_BUNDLE_IDENTIFIER = at.htlwels.iOSArduinoControl.watchkitapp.watchkitextension;
				PRODUCT_NAME = "${TARGET_NAME}";
				SDKROOT = watchos;
				SKIP_INSTALL = YES;
				SWIFT_VERSION = 3.0;
				TARGETED_DEVICE_FAMILY = 4;
				WATCHOS_DEPLOYMENT_TARGET = 2.2;
			};
			name = Debug;
		};
		DB05CF0B1CEEE7E100990DE4 /* Release */ = {
			isa = XCBuildConfiguration;
			buildSettings = {
				ASSETCATALOG_COMPILER_COMPLICATION_NAME = Complication;
				INFOPLIST_FILE = "iOSArduinoControl WatchKit Extension/Info.plist";
				LD_RUNPATH_SEARCH_PATHS = "$(inherited) @executable_path/Frameworks @executable_path/../../Frameworks";
				PRODUCT_BUNDLE_IDENTIFIER = at.htlwels.iOSArduinoControl.watchkitapp.watchkitextension;
				PRODUCT_NAME = "${TARGET_NAME}";
				SDKROOT = watchos;
				SKIP_INSTALL = YES;
				SWIFT_OPTIMIZATION_LEVEL = "-Owholemodule";
				SWIFT_VERSION = 3.0;
				TARGETED_DEVICE_FAMILY = 4;
				WATCHOS_DEPLOYMENT_TARGET = 2.2;
			};
			name = Release;
		};
		DB05CF0E1CEEE7E100990DE4 /* Debug */ = {
			isa = XCBuildConfiguration;
			buildSettings = {
				ALWAYS_EMBED_SWIFT_STANDARD_LIBRARIES = YES;
				ASSETCATALOG_COMPILER_APPICON_NAME = AppIcon;
				IBSC_MODULE = iOSArduinoControl_WatchKit_Extension;
				INFOPLIST_FILE = "iOSArduinoControl WatchKit App/Info.plist";
				PRODUCT_BUNDLE_IDENTIFIER = at.htlwels.iOSArduinoControl.watchkitapp;
				PRODUCT_NAME = "$(TARGET_NAME)";
				SDKROOT = watchos;
				SKIP_INSTALL = YES;
				TARGETED_DEVICE_FAMILY = 4;
				WATCHOS_DEPLOYMENT_TARGET = 2.2;
			};
			name = Debug;
		};
		DB05CF0F1CEEE7E100990DE4 /* Release */ = {
			isa = XCBuildConfiguration;
			buildSettings = {
				ALWAYS_EMBED_SWIFT_STANDARD_LIBRARIES = YES;
				ASSETCATALOG_COMPILER_APPICON_NAME = AppIcon;
				IBSC_MODULE = iOSArduinoControl_WatchKit_Extension;
				INFOPLIST_FILE = "iOSArduinoControl WatchKit App/Info.plist";
				PRODUCT_BUNDLE_IDENTIFIER = at.htlwels.iOSArduinoControl.watchkitapp;
				PRODUCT_NAME = "$(TARGET_NAME)";
				SDKROOT = watchos;
				SKIP_INSTALL = YES;
				TARGETED_DEVICE_FAMILY = 4;
				WATCHOS_DEPLOYMENT_TARGET = 2.2;
			};
			name = Release;
		};
		DB05CF121CEEE7E100990DE4 /* Debug */ = {
			isa = XCBuildConfiguration;
			baseConfigurationReference = 31EB58443A5CA85D22C32BD9 /* Pods.debug.xcconfig */;
			buildSettings = {
				ASSETCATALOG_COMPILER_APPICON_NAME = AppIcon;
				INFOPLIST_FILE = iOSArduinoControl/Info.plist;
				LD_RUNPATH_SEARCH_PATHS = "$(inherited) @executable_path/Frameworks";
				PRODUCT_BUNDLE_IDENTIFIER = at.htlwels.iOSArduinoControl;
				PRODUCT_NAME = "$(TARGET_NAME)";
				SWIFT_VERSION = 3.0;
			};
			name = Debug;
		};
		DB05CF131CEEE7E100990DE4 /* Release */ = {
			isa = XCBuildConfiguration;
			baseConfigurationReference = 86426DBB408EB8457F4CA347 /* Pods.release.xcconfig */;
			buildSettings = {
				ASSETCATALOG_COMPILER_APPICON_NAME = AppIcon;
				INFOPLIST_FILE = iOSArduinoControl/Info.plist;
				LD_RUNPATH_SEARCH_PATHS = "$(inherited) @executable_path/Frameworks";
				PRODUCT_BUNDLE_IDENTIFIER = at.htlwels.iOSArduinoControl;
				PRODUCT_NAME = "$(TARGET_NAME)";
				SWIFT_OPTIMIZATION_LEVEL = "-Owholemodule";
				SWIFT_VERSION = 3.0;
			};
			name = Release;
		};
/* End XCBuildConfiguration section */

/* Begin XCConfigurationList section */
		DB05CECD1CEEE7E000990DE4 /* Build configuration list for PBXProject "iOSArduinoControl" */ = {
			isa = XCConfigurationList;
			buildConfigurations = (
				DB05CF071CEEE7E100990DE4 /* Debug */,
				DB05CF081CEEE7E100990DE4 /* Release */,
			);
			defaultConfigurationIsVisible = 0;
			defaultConfigurationName = Release;
		};
		DB05CF091CEEE7E100990DE4 /* Build configuration list for PBXNativeTarget "iOSArduinoControl WatchKit Extension" */ = {
			isa = XCConfigurationList;
			buildConfigurations = (
				DB05CF0A1CEEE7E100990DE4 /* Debug */,
				DB05CF0B1CEEE7E100990DE4 /* Release */,
			);
			defaultConfigurationIsVisible = 0;
			defaultConfigurationName = Release;
		};
		DB05CF0D1CEEE7E100990DE4 /* Build configuration list for PBXNativeTarget "iOSArduinoControl WatchKit App" */ = {
			isa = XCConfigurationList;
			buildConfigurations = (
				DB05CF0E1CEEE7E100990DE4 /* Debug */,
				DB05CF0F1CEEE7E100990DE4 /* Release */,
			);
			defaultConfigurationIsVisible = 0;
			defaultConfigurationName = Release;
		};
		DB05CF111CEEE7E100990DE4 /* Build configuration list for PBXNativeTarget "iOSArduinoControl" */ = {
			isa = XCConfigurationList;
			buildConfigurations = (
				DB05CF121CEEE7E100990DE4 /* Debug */,
				DB05CF131CEEE7E100990DE4 /* Release */,
			);
			defaultConfigurationIsVisible = 0;
			defaultConfigurationName = Release;
		};
/* End XCConfigurationList section */
	};
	rootObject = DB05CECA1CEEE7E000990DE4 /* Project object */;
}
