// !$*UTF8*$!
{
	archiveVersion = 1;
	classes = {
	};
	objectVersion = 46;
	objects = {

/* Begin PBXBuildFile section */
		DB334E881D8E8B2D00310BFD /* AppDelegate.swift in Sources */ = {isa = PBXBuildFile; fileRef = DB334E871D8E8B2D00310BFD /* AppDelegate.swift */; };
		DB334E8A1D8E8B2D00310BFD /* ViewController.swift in Sources */ = {isa = PBXBuildFile; fileRef = DB334E891D8E8B2D00310BFD /* ViewController.swift */; };
		DB334E8F1D8E8B2D00310BFD /* Assets.xcassets in Resources */ = {isa = PBXBuildFile; fileRef = DB334E8E1D8E8B2D00310BFD /* Assets.xcassets */; };
		DB334E921D8E8B2D00310BFD /* LaunchScreen.storyboard in Resources */ = {isa = PBXBuildFile; fileRef = DB334E901D8E8B2D00310BFD /* LaunchScreen.storyboard */; };
		DB334E971D8E8B2D00310BFD /* iOSArduinoControl WatchKit App.app in Embed Watch Content */ = {isa = PBXBuildFile; fileRef = DB334E961D8E8B2D00310BFD /* iOSArduinoControl WatchKit App.app */; };
		DB334E9D1D8E8B2D00310BFD /* Interface.storyboard in Resources */ = {isa = PBXBuildFile; fileRef = DB334E9B1D8E8B2D00310BFD /* Interface.storyboard */; };
		DB334E9F1D8E8B2D00310BFD /* Assets.xcassets in Resources */ = {isa = PBXBuildFile; fileRef = DB334E9E1D8E8B2D00310BFD /* Assets.xcassets */; };
		DB334EA61D8E8B2D00310BFD /* iOSArduinoControl WatchKit Extension.appex in Embed App Extensions */ = {isa = PBXBuildFile; fileRef = DB334EA51D8E8B2D00310BFD /* iOSArduinoControl WatchKit Extension.appex */; settings = {ATTRIBUTES = (RemoveHeadersOnCopy, ); }; };
		DB334EAD1D8E8B2D00310BFD /* InterfaceController.swift in Sources */ = {isa = PBXBuildFile; fileRef = DB334EAC1D8E8B2D00310BFD /* InterfaceController.swift */; };
		DB334EAF1D8E8B2D00310BFD /* ExtensionDelegate.swift in Sources */ = {isa = PBXBuildFile; fileRef = DB334EAE1D8E8B2D00310BFD /* ExtensionDelegate.swift */; };
		DB334EB11D8E8B2D00310BFD /* NotificationController.swift in Sources */ = {isa = PBXBuildFile; fileRef = DB334EB01D8E8B2D00310BFD /* NotificationController.swift */; };
		DB334EB31D8E8B2D00310BFD /* ComplicationController.swift in Sources */ = {isa = PBXBuildFile; fileRef = DB334EB21D8E8B2D00310BFD /* ComplicationController.swift */; };
		DB334EB51D8E8B2D00310BFD /* Assets.xcassets in Resources */ = {isa = PBXBuildFile; fileRef = DB334EB41D8E8B2D00310BFD /* Assets.xcassets */; };
		DB334EE61D8E8FE200310BFD /* ArdUIController.swift in Sources */ = {isa = PBXBuildFile; fileRef = DB334EE51D8E8FE200310BFD /* ArdUIController.swift */; };
		DB334EEA1D8E90E200310BFD /* SAMultisectorControl.framework in Frameworks */ = {isa = PBXBuildFile; fileRef = DB334EE91D8E90E200310BFD /* SAMultisectorControl.framework */; };
		DB334EED1D8E919200310BFD /* BluetoothConvenience.swift in Sources */ = {isa = PBXBuildFile; fileRef = DB334EEB1D8E919200310BFD /* BluetoothConvenience.swift */; };
		DB334EEE1D8E919200310BFD /* BluetoothKit.swift in Sources */ = {isa = PBXBuildFile; fileRef = DB334EEC1D8E919200310BFD /* BluetoothKit.swift */; };
		DB334EF21D8EAD5300310BFD /* CustomTabBarViewController.swift in Sources */ = {isa = PBXBuildFile; fileRef = DB334EEF1D8EAD5300310BFD /* CustomTabBarViewController.swift */; };
		DB334EF31D8EAD5300310BFD /* InputCommandsController.swift in Sources */ = {isa = PBXBuildFile; fileRef = DB334EF01D8EAD5300310BFD /* InputCommandsController.swift */; };
		DB334EF41D8EAD5300310BFD /* ScanTableViewController.swift in Sources */ = {isa = PBXBuildFile; fileRef = DB334EF11D8EAD5300310BFD /* ScanTableViewController.swift */; };
		DB334EF61D8EAD7100310BFD /* ArdControlView.xib in Resources */ = {isa = PBXBuildFile; fileRef = DB334EF51D8EAD7100310BFD /* ArdControlView.xib */; };
		DB334EFA1D8EB06500310BFD /* Main.storyboard in Resources */ = {isa = PBXBuildFile; fileRef = DB334EF91D8EB06500310BFD /* Main.storyboard */; };
		DB334F001D8EB2AA00310BFD /* FoldingTabBar.framework in Frameworks */ = {isa = PBXBuildFile; fileRef = DB334EFF1D8EB2AA00310BFD /* FoldingTabBar.framework */; };
		DB334F061D8EBAA300310BFD /* SAMultisectorControl.framework in CopyFiles */ = {isa = PBXBuildFile; fileRef = DB334EE91D8E90E200310BFD /* SAMultisectorControl.framework */; settings = {ATTRIBUTES = (CodeSignOnCopy, RemoveHeadersOnCopy, ); }; };
		DB334F071D8EBAA800310BFD /* FoldingTabBar.framework in CopyFiles */ = {isa = PBXBuildFile; fileRef = DB334EFF1D8EB2AA00310BFD /* FoldingTabBar.framework */; settings = {ATTRIBUTES = (CodeSignOnCopy, RemoveHeadersOnCopy, ); }; };
/* End PBXBuildFile section */

/* Begin PBXContainerItemProxy section */
		DB334E981D8E8B2D00310BFD /* PBXContainerItemProxy */ = {
			isa = PBXContainerItemProxy;
			containerPortal = DB334E7C1D8E8B2D00310BFD /* Project object */;
			proxyType = 1;
			remoteGlobalIDString = DB334E951D8E8B2D00310BFD;
			remoteInfo = "iOSArduinoControl WatchKit App";
		};
		DB334EA71D8E8B2D00310BFD /* PBXContainerItemProxy */ = {
			isa = PBXContainerItemProxy;
			containerPortal = DB334E7C1D8E8B2D00310BFD /* Project object */;
			proxyType = 1;
			remoteGlobalIDString = DB334EA41D8E8B2D00310BFD;
			remoteInfo = "iOSArduinoControl WatchKit Extension";
		};
/* End PBXContainerItemProxy section */

/* Begin PBXCopyFilesBuildPhase section */
		DB334EBC1D8E8B2D00310BFD /* Embed App Extensions */ = {
			isa = PBXCopyFilesBuildPhase;
			buildActionMask = 2147483647;
			dstPath = "";
			dstSubfolderSpec = 13;
			files = (
				DB334EA61D8E8B2D00310BFD /* iOSArduinoControl WatchKit Extension.appex in Embed App Extensions */,
			);
			name = "Embed App Extensions";
			runOnlyForDeploymentPostprocessing = 0;
		};
		DB334EC01D8E8B2D00310BFD /* Embed Watch Content */ = {
			isa = PBXCopyFilesBuildPhase;
			buildActionMask = 2147483647;
			dstPath = "$(CONTENTS_FOLDER_PATH)/Watch";
			dstSubfolderSpec = 16;
			files = (
				DB334E971D8E8B2D00310BFD /* iOSArduinoControl WatchKit App.app in Embed Watch Content */,
			);
			name = "Embed Watch Content";
			runOnlyForDeploymentPostprocessing = 0;
		};
		DB334F051D8EBA9B00310BFD /* CopyFiles */ = {
			isa = PBXCopyFilesBuildPhase;
			buildActionMask = 2147483647;
			dstPath = "";
			dstSubfolderSpec = 10;
			files = (
				DB334F071D8EBAA800310BFD /* FoldingTabBar.framework in CopyFiles */,
				DB334F061D8EBAA300310BFD /* SAMultisectorControl.framework in CopyFiles */,
			);
			runOnlyForDeploymentPostprocessing = 0;
		};
/* End PBXCopyFilesBuildPhase section */

/* Begin PBXFileReference section */
		DB334E841D8E8B2D00310BFD /* iOSArduinoControl.app */ = {isa = PBXFileReference; explicitFileType = wrapper.application; includeInIndex = 0; path = iOSArduinoControl.app; sourceTree = BUILT_PRODUCTS_DIR; };
		DB334E871D8E8B2D00310BFD /* AppDelegate.swift */ = {isa = PBXFileReference; lastKnownFileType = sourcecode.swift; path = AppDelegate.swift; sourceTree = "<group>"; };
		DB334E891D8E8B2D00310BFD /* ViewController.swift */ = {isa = PBXFileReference; lastKnownFileType = sourcecode.swift; path = ViewController.swift; sourceTree = "<group>"; };
		DB334E8E1D8E8B2D00310BFD /* Assets.xcassets */ = {isa = PBXFileReference; lastKnownFileType = folder.assetcatalog; path = Assets.xcassets; sourceTree = "<group>"; };
		DB334E911D8E8B2D00310BFD /* Base */ = {isa = PBXFileReference; lastKnownFileType = file.storyboard; name = Base; path = Base.lproj/LaunchScreen.storyboard; sourceTree = "<group>"; };
		DB334E931D8E8B2D00310BFD /* Info.plist */ = {isa = PBXFileReference; lastKnownFileType = text.plist.xml; path = Info.plist; sourceTree = "<group>"; };
		DB334E961D8E8B2D00310BFD /* iOSArduinoControl WatchKit App.app */ = {isa = PBXFileReference; explicitFileType = wrapper.application; includeInIndex = 0; path = "iOSArduinoControl WatchKit App.app"; sourceTree = BUILT_PRODUCTS_DIR; };
		DB334E9C1D8E8B2D00310BFD /* Base */ = {isa = PBXFileReference; lastKnownFileType = file.storyboard; name = Base; path = Base.lproj/Interface.storyboard; sourceTree = "<group>"; };
		DB334E9E1D8E8B2D00310BFD /* Assets.xcassets */ = {isa = PBXFileReference; lastKnownFileType = folder.assetcatalog; path = Assets.xcassets; sourceTree = "<group>"; };
		DB334EA01D8E8B2D00310BFD /* Info.plist */ = {isa = PBXFileReference; lastKnownFileType = text.plist.xml; path = Info.plist; sourceTree = "<group>"; };
		DB334EA51D8E8B2D00310BFD /* iOSArduinoControl WatchKit Extension.appex */ = {isa = PBXFileReference; explicitFileType = "wrapper.app-extension"; includeInIndex = 0; path = "iOSArduinoControl WatchKit Extension.appex"; sourceTree = BUILT_PRODUCTS_DIR; };
		DB334EAB1D8E8B2D00310BFD /* PushNotificationPayload.apns */ = {isa = PBXFileReference; lastKnownFileType = text; path = PushNotificationPayload.apns; sourceTree = "<group>"; };
		DB334EAC1D8E8B2D00310BFD /* InterfaceController.swift */ = {isa = PBXFileReference; lastKnownFileType = sourcecode.swift; path = InterfaceController.swift; sourceTree = "<group>"; };
		DB334EAE1D8E8B2D00310BFD /* ExtensionDelegate.swift */ = {isa = PBXFileReference; lastKnownFileType = sourcecode.swift; path = ExtensionDelegate.swift; sourceTree = "<group>"; };
		DB334EB01D8E8B2D00310BFD /* NotificationController.swift */ = {isa = PBXFileReference; lastKnownFileType = sourcecode.swift; path = NotificationController.swift; sourceTree = "<group>"; };
		DB334EB21D8E8B2D00310BFD /* ComplicationController.swift */ = {isa = PBXFileReference; lastKnownFileType = sourcecode.swift; path = ComplicationController.swift; sourceTree = "<group>"; };
		DB334EB41D8E8B2D00310BFD /* Assets.xcassets */ = {isa = PBXFileReference; lastKnownFileType = folder.assetcatalog; path = Assets.xcassets; sourceTree = "<group>"; };
		DB334EB61D8E8B2D00310BFD /* Info.plist */ = {isa = PBXFileReference; lastKnownFileType = text.plist.xml; path = Info.plist; sourceTree = "<group>"; };
		DB334EE51D8E8FE200310BFD /* ArdUIController.swift */ = {isa = PBXFileReference; fileEncoding = 4; lastKnownFileType = sourcecode.swift; path = ArdUIController.swift; sourceTree = "<group>"; };
		DB334EE91D8E90E200310BFD /* SAMultisectorControl.framework */ = {isa = PBXFileReference; lastKnownFileType = wrapper.framework; path = SAMultisectorControl.framework; sourceTree = "<group>"; };
		DB334EEB1D8E919200310BFD /* BluetoothConvenience.swift */ = {isa = PBXFileReference; fileEncoding = 4; lastKnownFileType = sourcecode.swift; path = BluetoothConvenience.swift; sourceTree = "<group>"; };
		DB334EEC1D8E919200310BFD /* BluetoothKit.swift */ = {isa = PBXFileReference; fileEncoding = 4; lastKnownFileType = sourcecode.swift; path = BluetoothKit.swift; sourceTree = "<group>"; };
		DB334EEF1D8EAD5300310BFD /* CustomTabBarViewController.swift */ = {isa = PBXFileReference; fileEncoding = 4; lastKnownFileType = sourcecode.swift; path = CustomTabBarViewController.swift; sourceTree = "<group>"; };
		DB334EF01D8EAD5300310BFD /* InputCommandsController.swift */ = {isa = PBXFileReference; fileEncoding = 4; lastKnownFileType = sourcecode.swift; path = InputCommandsController.swift; sourceTree = "<group>"; };
		DB334EF11D8EAD5300310BFD /* ScanTableViewController.swift */ = {isa = PBXFileReference; fileEncoding = 4; lastKnownFileType = sourcecode.swift; path = ScanTableViewController.swift; sourceTree = "<group>"; };
		DB334EF51D8EAD7100310BFD /* ArdControlView.xib */ = {isa = PBXFileReference; fileEncoding = 4; lastKnownFileType = file.xib; path = ArdControlView.xib; sourceTree = "<group>"; };
		DB334EF91D8EB06500310BFD /* Main.storyboard */ = {isa = PBXFileReference; fileEncoding = 4; lastKnownFileType = file.storyboard; path = Main.storyboard; sourceTree = "<group>"; };
		DB334EFF1D8EB2AA00310BFD /* FoldingTabBar.framework */ = {isa = PBXFileReference; lastKnownFileType = wrapper.framework; path = FoldingTabBar.framework; sourceTree = "<group>"; };
/* End PBXFileReference section */

/* Begin PBXFrameworksBuildPhase section */
		DB334E811D8E8B2D00310BFD /* Frameworks */ = {
			isa = PBXFrameworksBuildPhase;
			buildActionMask = 2147483647;
			files = (
				DB334F001D8EB2AA00310BFD /* FoldingTabBar.framework in Frameworks */,
				DB334EEA1D8E90E200310BFD /* SAMultisectorControl.framework in Frameworks */,
			);
			runOnlyForDeploymentPostprocessing = 0;
		};
		DB334EA21D8E8B2D00310BFD /* Frameworks */ = {
			isa = PBXFrameworksBuildPhase;
			buildActionMask = 2147483647;
			files = (
			);
			runOnlyForDeploymentPostprocessing = 0;
		};
/* End PBXFrameworksBuildPhase section */

/* Begin PBXGroup section */
		DB334E7B1D8E8B2D00310BFD = {
			isa = PBXGroup;
			children = (
				DB334EE91D8E90E200310BFD /* SAMultisectorControl.framework */,
				DB334EFF1D8EB2AA00310BFD /* FoldingTabBar.framework */,
				DB334E861D8E8B2D00310BFD /* iOSArduinoControl */,
				DB334E9A1D8E8B2D00310BFD /* iOSArduinoControl WatchKit App */,
				DB334EA91D8E8B2D00310BFD /* iOSArduinoControl WatchKit Extension */,
				DB334E851D8E8B2D00310BFD /* Products */,
			);
			sourceTree = "<group>";
		};
		DB334E851D8E8B2D00310BFD /* Products */ = {
			isa = PBXGroup;
			children = (
				DB334E841D8E8B2D00310BFD /* iOSArduinoControl.app */,
				DB334E961D8E8B2D00310BFD /* iOSArduinoControl WatchKit App.app */,
				DB334EA51D8E8B2D00310BFD /* iOSArduinoControl WatchKit Extension.appex */,
			);
			name = Products;
			sourceTree = "<group>";
		};
		DB334E861D8E8B2D00310BFD /* iOSArduinoControl */ = {
			isa = PBXGroup;
			children = (
				DB334E871D8E8B2D00310BFD /* AppDelegate.swift */,
				DB334E891D8E8B2D00310BFD /* ViewController.swift */,
				DB334EE51D8E8FE200310BFD /* ArdUIController.swift */,
				DB334EEF1D8EAD5300310BFD /* CustomTabBarViewController.swift */,
				DB334EF01D8EAD5300310BFD /* InputCommandsController.swift */,
				DB334EF11D8EAD5300310BFD /* ScanTableViewController.swift */,
				DB334EEB1D8E919200310BFD /* BluetoothConvenience.swift */,
				DB334EEC1D8E919200310BFD /* BluetoothKit.swift */,
				DB334EF51D8EAD7100310BFD /* ArdControlView.xib */,
				DB334EF91D8EB06500310BFD /* Main.storyboard */,
				DB334E901D8E8B2D00310BFD /* LaunchScreen.storyboard */,
				DB334E8E1D8E8B2D00310BFD /* Assets.xcassets */,
				DB334E931D8E8B2D00310BFD /* Info.plist */,
			);
			path = iOSArduinoControl;
			sourceTree = "<group>";
		};
		DB334E9A1D8E8B2D00310BFD /* iOSArduinoControl WatchKit App */ = {
			isa = PBXGroup;
			children = (
				DB334E9B1D8E8B2D00310BFD /* Interface.storyboard */,
				DB334E9E1D8E8B2D00310BFD /* Assets.xcassets */,
				DB334EA01D8E8B2D00310BFD /* Info.plist */,
			);
			path = "iOSArduinoControl WatchKit App";
			sourceTree = "<group>";
		};
		DB334EA91D8E8B2D00310BFD /* iOSArduinoControl WatchKit Extension */ = {
			isa = PBXGroup;
			children = (
				DB334EAC1D8E8B2D00310BFD /* InterfaceController.swift */,
				DB334EAE1D8E8B2D00310BFD /* ExtensionDelegate.swift */,
				DB334EB01D8E8B2D00310BFD /* NotificationController.swift */,
				DB334EB21D8E8B2D00310BFD /* ComplicationController.swift */,
				DB334EB41D8E8B2D00310BFD /* Assets.xcassets */,
				DB334EB61D8E8B2D00310BFD /* Info.plist */,
				DB334EAA1D8E8B2D00310BFD /* Supporting Files */,
			);
			path = "iOSArduinoControl WatchKit Extension";
			sourceTree = "<group>";
		};
		DB334EAA1D8E8B2D00310BFD /* Supporting Files */ = {
			isa = PBXGroup;
			children = (
				DB334EAB1D8E8B2D00310BFD /* PushNotificationPayload.apns */,
			);
			name = "Supporting Files";
			sourceTree = "<group>";
		};
/* End PBXGroup section */

/* Begin PBXNativeTarget section */
		DB334E831D8E8B2D00310BFD /* iOSArduinoControl */ = {
			isa = PBXNativeTarget;
			buildConfigurationList = DB334EC11D8E8B2D00310BFD /* Build configuration list for PBXNativeTarget "iOSArduinoControl" */;
			buildPhases = (
				DB334E801D8E8B2D00310BFD /* Sources */,
				DB334E811D8E8B2D00310BFD /* Frameworks */,
				DB334E821D8E8B2D00310BFD /* Resources */,
				DB334EC01D8E8B2D00310BFD /* Embed Watch Content */,
				DB334F051D8EBA9B00310BFD /* CopyFiles */,
			);
			buildRules = (
			);
			dependencies = (
				DB334E991D8E8B2D00310BFD /* PBXTargetDependency */,
			);
			name = iOSArduinoControl;
			productName = iOSArduinoControl;
			productReference = DB334E841D8E8B2D00310BFD /* iOSArduinoControl.app */;
			productType = "com.apple.product-type.application";
		};
		DB334E951D8E8B2D00310BFD /* iOSArduinoControl WatchKit App */ = {
			isa = PBXNativeTarget;
			buildConfigurationList = DB334EBD1D8E8B2D00310BFD /* Build configuration list for PBXNativeTarget "iOSArduinoControl WatchKit App" */;
			buildPhases = (
				DB334E941D8E8B2D00310BFD /* Resources */,
				DB334EBC1D8E8B2D00310BFD /* Embed App Extensions */,
			);
			buildRules = (
			);
			dependencies = (
				DB334EA81D8E8B2D00310BFD /* PBXTargetDependency */,
			);
			name = "iOSArduinoControl WatchKit App";
			productName = "iOSArduinoControl WatchKit App";
			productReference = DB334E961D8E8B2D00310BFD /* iOSArduinoControl WatchKit App.app */;
			productType = "com.apple.product-type.application.watchapp2";
		};
		DB334EA41D8E8B2D00310BFD /* iOSArduinoControl WatchKit Extension */ = {
			isa = PBXNativeTarget;
			buildConfigurationList = DB334EB91D8E8B2D00310BFD /* Build configuration list for PBXNativeTarget "iOSArduinoControl WatchKit Extension" */;
			buildPhases = (
				DB334EA11D8E8B2D00310BFD /* Sources */,
				DB334EA21D8E8B2D00310BFD /* Frameworks */,
				DB334EA31D8E8B2D00310BFD /* Resources */,
			);
			buildRules = (
			);
			dependencies = (
			);
			name = "iOSArduinoControl WatchKit Extension";
			productName = "iOSArduinoControl WatchKit Extension";
			productReference = DB334EA51D8E8B2D00310BFD /* iOSArduinoControl WatchKit Extension.appex */;
			productType = "com.apple.product-type.watchkit2-extension";
		};
/* End PBXNativeTarget section */

/* Begin PBXProject section */
		DB334E7C1D8E8B2D00310BFD /* Project object */ = {
			isa = PBXProject;
			attributes = {
				LastSwiftUpdateCheck = 0800;
				LastUpgradeCheck = 0800;
				ORGANIZATIONNAME = 4AHIT;
				TargetAttributes = {
					DB334E831D8E8B2D00310BFD = {
						CreatedOnToolsVersion = 8.0;
						DevelopmentTeam = Q5MZT8NG66;
						ProvisioningStyle = Automatic;
					};
					DB334E951D8E8B2D00310BFD = {
						CreatedOnToolsVersion = 8.0;
						DevelopmentTeam = Q5MZT8NG66;
						ProvisioningStyle = Automatic;
					};
					DB334EA41D8E8B2D00310BFD = {
						CreatedOnToolsVersion = 8.0;
						DevelopmentTeam = Q5MZT8NG66;
						ProvisioningStyle = Automatic;
					};
				};
			};
			buildConfigurationList = DB334E7F1D8E8B2D00310BFD /* Build configuration list for PBXProject "iOSArduinoControl" */;
			compatibilityVersion = "Xcode 3.2";
			developmentRegion = English;
			hasScannedForEncodings = 0;
			knownRegions = (
				en,
				Base,
			);
			mainGroup = DB334E7B1D8E8B2D00310BFD;
			productRefGroup = DB334E851D8E8B2D00310BFD /* Products */;
			projectDirPath = "";
			projectRoot = "";
			targets = (
				DB334E831D8E8B2D00310BFD /* iOSArduinoControl */,
				DB334E951D8E8B2D00310BFD /* iOSArduinoControl WatchKit App */,
				DB334EA41D8E8B2D00310BFD /* iOSArduinoControl WatchKit Extension */,
			);
		};
/* End PBXProject section */

/* Begin PBXResourcesBuildPhase section */
		DB334E821D8E8B2D00310BFD /* Resources */ = {
			isa = PBXResourcesBuildPhase;
			buildActionMask = 2147483647;
			files = (
				DB334E921D8E8B2D00310BFD /* LaunchScreen.storyboard in Resources */,
				DB334E8F1D8E8B2D00310BFD /* Assets.xcassets in Resources */,
				DB334EF61D8EAD7100310BFD /* ArdControlView.xib in Resources */,
				DB334EFA1D8EB06500310BFD /* Main.storyboard in Resources */,
			);
			runOnlyForDeploymentPostprocessing = 0;
		};
		DB334E941D8E8B2D00310BFD /* Resources */ = {
			isa = PBXResourcesBuildPhase;
			buildActionMask = 2147483647;
			files = (
				DB334E9F1D8E8B2D00310BFD /* Assets.xcassets in Resources */,
				DB334E9D1D8E8B2D00310BFD /* Interface.storyboard in Resources */,
			);
			runOnlyForDeploymentPostprocessing = 0;
		};
		DB334EA31D8E8B2D00310BFD /* Resources */ = {
			isa = PBXResourcesBuildPhase;
			buildActionMask = 2147483647;
			files = (
				DB334EB51D8E8B2D00310BFD /* Assets.xcassets in Resources */,
			);
			runOnlyForDeploymentPostprocessing = 0;
		};
/* End PBXResourcesBuildPhase section */

/* Begin PBXSourcesBuildPhase section */
		DB334E801D8E8B2D00310BFD /* Sources */ = {
			isa = PBXSourcesBuildPhase;
			buildActionMask = 2147483647;
			files = (
				DB334EED1D8E919200310BFD /* BluetoothConvenience.swift in Sources */,
				DB334EE61D8E8FE200310BFD /* ArdUIController.swift in Sources */,
				DB334EF21D8EAD5300310BFD /* CustomTabBarViewController.swift in Sources */,
				DB334E8A1D8E8B2D00310BFD /* ViewController.swift in Sources */,
				DB334EF41D8EAD5300310BFD /* ScanTableViewController.swift in Sources */,
				DB334E881D8E8B2D00310BFD /* AppDelegate.swift in Sources */,
				DB334EEE1D8E919200310BFD /* BluetoothKit.swift in Sources */,
				DB334EF31D8EAD5300310BFD /* InputCommandsController.swift in Sources */,
			);
			runOnlyForDeploymentPostprocessing = 0;
		};
		DB334EA11D8E8B2D00310BFD /* Sources */ = {
			isa = PBXSourcesBuildPhase;
			buildActionMask = 2147483647;
			files = (
				DB334EB11D8E8B2D00310BFD /* NotificationController.swift in Sources */,
				DB334EB31D8E8B2D00310BFD /* ComplicationController.swift in Sources */,
				DB334EAF1D8E8B2D00310BFD /* ExtensionDelegate.swift in Sources */,
				DB334EAD1D8E8B2D00310BFD /* InterfaceController.swift in Sources */,
			);
			runOnlyForDeploymentPostprocessing = 0;
		};
/* End PBXSourcesBuildPhase section */

/* Begin PBXTargetDependency section */
		DB334E991D8E8B2D00310BFD /* PBXTargetDependency */ = {
			isa = PBXTargetDependency;
			target = DB334E951D8E8B2D00310BFD /* iOSArduinoControl WatchKit App */;
			targetProxy = DB334E981D8E8B2D00310BFD /* PBXContainerItemProxy */;
		};
		DB334EA81D8E8B2D00310BFD /* PBXTargetDependency */ = {
			isa = PBXTargetDependency;
			target = DB334EA41D8E8B2D00310BFD /* iOSArduinoControl WatchKit Extension */;
			targetProxy = DB334EA71D8E8B2D00310BFD /* PBXContainerItemProxy */;
		};
/* End PBXTargetDependency section */

/* Begin PBXVariantGroup section */
		DB334E901D8E8B2D00310BFD /* LaunchScreen.storyboard */ = {
			isa = PBXVariantGroup;
			children = (
				DB334E911D8E8B2D00310BFD /* Base */,
			);
			name = LaunchScreen.storyboard;
			sourceTree = "<group>";
		};
		DB334E9B1D8E8B2D00310BFD /* Interface.storyboard */ = {
			isa = PBXVariantGroup;
			children = (
				DB334E9C1D8E8B2D00310BFD /* Base */,
			);
			name = Interface.storyboard;
			sourceTree = "<group>";
		};
/* End PBXVariantGroup section */

/* Begin XCBuildConfiguration section */
		DB334EB71D8E8B2D00310BFD /* Debug */ = {
			isa = XCBuildConfiguration;
			buildSettings = {
				ALWAYS_SEARCH_USER_PATHS = NO;
				CLANG_ANALYZER_NONNULL = YES;
				CLANG_CXX_LANGUAGE_STANDARD = "gnu++0x";
				CLANG_CXX_LIBRARY = "libc++";
				CLANG_ENABLE_MODULES = YES;
				CLANG_ENABLE_OBJC_ARC = YES;
				CLANG_WARN_BOOL_CONVERSION = YES;
				CLANG_WARN_CONSTANT_CONVERSION = YES;
				CLANG_WARN_DIRECT_OBJC_ISA_USAGE = YES_ERROR;
				CLANG_WARN_DOCUMENTATION_COMMENTS = YES;
				CLANG_WARN_EMPTY_BODY = YES;
				CLANG_WARN_ENUM_CONVERSION = YES;
				CLANG_WARN_INFINITE_RECURSION = YES;
				CLANG_WARN_INT_CONVERSION = YES;
				CLANG_WARN_OBJC_ROOT_CLASS = YES_ERROR;
				CLANG_WARN_SUSPICIOUS_MOVES = YES;
				CLANG_WARN_UNREACHABLE_CODE = YES;
				CLANG_WARN__DUPLICATE_METHOD_MATCH = YES;
				"CODE_SIGN_IDENTITY[sdk=iphoneos*]" = "iPhone Developer";
				COPY_PHASE_STRIP = NO;
				DEBUG_INFORMATION_FORMAT = dwarf;
				ENABLE_STRICT_OBJC_MSGSEND = YES;
				ENABLE_TESTABILITY = YES;
				GCC_C_LANGUAGE_STANDARD = gnu99;
				GCC_DYNAMIC_NO_PIC = NO;
				GCC_NO_COMMON_BLOCKS = YES;
				GCC_OPTIMIZATION_LEVEL = 0;
				GCC_PREPROCESSOR_DEFINITIONS = (
					"DEBUG=1",
					"$(inherited)",
				);
				GCC_WARN_64_TO_32_BIT_CONVERSION = YES;
				GCC_WARN_ABOUT_RETURN_TYPE = YES_ERROR;
				GCC_WARN_UNDECLARED_SELECTOR = YES;
				GCC_WARN_UNINITIALIZED_AUTOS = YES_AGGRESSIVE;
				GCC_WARN_UNUSED_FUNCTION = YES;
				GCC_WARN_UNUSED_VARIABLE = YES;
				IPHONEOS_DEPLOYMENT_TARGET = 10.0;
				MTL_ENABLE_DEBUG_INFO = YES;
				ONLY_ACTIVE_ARCH = YES;
				SDKROOT = iphoneos;
				SWIFT_ACTIVE_COMPILATION_CONDITIONS = DEBUG;
				SWIFT_OPTIMIZATION_LEVEL = "-Onone";
			};
			name = Debug;
		};
		DB334EB81D8E8B2D00310BFD /* Release */ = {
			isa = XCBuildConfiguration;
			buildSettings = {
				ALWAYS_SEARCH_USER_PATHS = NO;
				CLANG_ANALYZER_NONNULL = YES;
				CLANG_CXX_LANGUAGE_STANDARD = "gnu++0x";
				CLANG_CXX_LIBRARY = "libc++";
				CLANG_ENABLE_MODULES = YES;
				CLANG_ENABLE_OBJC_ARC = YES;
				CLANG_WARN_BOOL_CONVERSION = YES;
				CLANG_WARN_CONSTANT_CONVERSION = YES;
				CLANG_WARN_DIRECT_OBJC_ISA_USAGE = YES_ERROR;
				CLANG_WARN_DOCUMENTATION_COMMENTS = YES;
				CLANG_WARN_EMPTY_BODY = YES;
				CLANG_WARN_ENUM_CONVERSION = YES;
				CLANG_WARN_INFINITE_RECURSION = YES;
				CLANG_WARN_INT_CONVERSION = YES;
				CLANG_WARN_OBJC_ROOT_CLASS = YES_ERROR;
				CLANG_WARN_SUSPICIOUS_MOVES = YES;
				CLANG_WARN_UNREACHABLE_CODE = YES;
				CLANG_WARN__DUPLICATE_METHOD_MATCH = YES;
				"CODE_SIGN_IDENTITY[sdk=iphoneos*]" = "iPhone Developer";
				COPY_PHASE_STRIP = NO;
				DEBUG_INFORMATION_FORMAT = "dwarf-with-dsym";
				ENABLE_NS_ASSERTIONS = NO;
				ENABLE_STRICT_OBJC_MSGSEND = YES;
				GCC_C_LANGUAGE_STANDARD = gnu99;
				GCC_NO_COMMON_BLOCKS = YES;
				GCC_WARN_64_TO_32_BIT_CONVERSION = YES;
				GCC_WARN_ABOUT_RETURN_TYPE = YES_ERROR;
				GCC_WARN_UNDECLARED_SELECTOR = YES;
				GCC_WARN_UNINITIALIZED_AUTOS = YES_AGGRESSIVE;
				GCC_WARN_UNUSED_FUNCTION = YES;
				GCC_WARN_UNUSED_VARIABLE = YES;
				IPHONEOS_DEPLOYMENT_TARGET = 10.0;
				MTL_ENABLE_DEBUG_INFO = NO;
				SDKROOT = iphoneos;
				SWIFT_OPTIMIZATION_LEVEL = "-Owholemodule";
				VALIDATE_PRODUCT = YES;
			};
			name = Release;
		};
		DB334EBA1D8E8B2D00310BFD /* Debug */ = {
			isa = XCBuildConfiguration;
			buildSettings = {
				ASSETCATALOG_COMPILER_COMPLICATION_NAME = Complication;
				DEVELOPMENT_TEAM = Q5MZT8NG66;
				INFOPLIST_FILE = "iOSArduinoControl WatchKit Extension/Info.plist";
				LD_RUNPATH_SEARCH_PATHS = "$(inherited) @executable_path/Frameworks @executable_path/../../Frameworks";
				PRODUCT_BUNDLE_IDENTIFIER = at.htlwels.iOSArduinoControl.watchkitapp.watchkitextension;
				PRODUCT_NAME = "${TARGET_NAME}";
				SDKROOT = watchos;
				SKIP_INSTALL = YES;
				SWIFT_VERSION = 3.0;
				TARGETED_DEVICE_FAMILY = 4;
				WATCHOS_DEPLOYMENT_TARGET = 3.0;
			};
			name = Debug;
		};
		DB334EBB1D8E8B2D00310BFD /* Release */ = {
			isa = XCBuildConfiguration;
			buildSettings = {
				ASSETCATALOG_COMPILER_COMPLICATION_NAME = Complication;
				DEVELOPMENT_TEAM = Q5MZT8NG66;
				INFOPLIST_FILE = "iOSArduinoControl WatchKit Extension/Info.plist";
				LD_RUNPATH_SEARCH_PATHS = "$(inherited) @executable_path/Frameworks @executable_path/../../Frameworks";
				PRODUCT_BUNDLE_IDENTIFIER = at.htlwels.iOSArduinoControl.watchkitapp.watchkitextension;
				PRODUCT_NAME = "${TARGET_NAME}";
				SDKROOT = watchos;
				SKIP_INSTALL = YES;
				SWIFT_VERSION = 3.0;
				TARGETED_DEVICE_FAMILY = 4;
				WATCHOS_DEPLOYMENT_TARGET = 3.0;
			};
			name = Release;
		};
		DB334EBE1D8E8B2D00310BFD /* Debug */ = {
			isa = XCBuildConfiguration;
			buildSettings = {
				ALWAYS_EMBED_SWIFT_STANDARD_LIBRARIES = YES;
				ASSETCATALOG_COMPILER_APPICON_NAME = AppIcon;
				DEVELOPMENT_TEAM = Q5MZT8NG66;
				IBSC_MODULE = iOSArduinoControl_WatchKit_Extension;
				INFOPLIST_FILE = "iOSArduinoControl WatchKit App/Info.plist";
				PRODUCT_BUNDLE_IDENTIFIER = at.htlwels.iOSArduinoControl.watchkitapp;
				PRODUCT_NAME = "$(TARGET_NAME)";
				SDKROOT = watchos;
				SKIP_INSTALL = YES;
				SWIFT_VERSION = 3.0;
				TARGETED_DEVICE_FAMILY = 4;
				WATCHOS_DEPLOYMENT_TARGET = 3.0;
			};
			name = Debug;
		};
		DB334EBF1D8E8B2D00310BFD /* Release */ = {
			isa = XCBuildConfiguration;
			buildSettings = {
				ALWAYS_EMBED_SWIFT_STANDARD_LIBRARIES = YES;
				ASSETCATALOG_COMPILER_APPICON_NAME = AppIcon;
				DEVELOPMENT_TEAM = Q5MZT8NG66;
				IBSC_MODULE = iOSArduinoControl_WatchKit_Extension;
				INFOPLIST_FILE = "iOSArduinoControl WatchKit App/Info.plist";
				PRODUCT_BUNDLE_IDENTIFIER = at.htlwels.iOSArduinoControl.watchkitapp;
				PRODUCT_NAME = "$(TARGET_NAME)";
				SDKROOT = watchos;
				SKIP_INSTALL = YES;
				SWIFT_VERSION = 3.0;
				TARGETED_DEVICE_FAMILY = 4;
				WATCHOS_DEPLOYMENT_TARGET = 3.0;
			};
			name = Release;
		};
		DB334EC21D8E8B2D00310BFD /* Debug */ = {
			isa = XCBuildConfiguration;
			buildSettings = {
				ASSETCATALOG_COMPILER_APPICON_NAME = AppIcon;
				DEVELOPMENT_TEAM = Q5MZT8NG66;
				FRAMEWORK_SEARCH_PATHS = (
					"$(inherited)",
					"$(PROJECT_DIR)",
				);
				INFOPLIST_FILE = iOSArduinoControl/Info.plist;
				LD_RUNPATH_SEARCH_PATHS = "$(inherited) @executable_path/Frameworks";
				PRODUCT_BUNDLE_IDENTIFIER = at.htlwels.iOSArduinoControl;
				PRODUCT_NAME = "$(TARGET_NAME)";
				SWIFT_VERSION = 3.0;
			};
			name = Debug;
		};
		DB334EC31D8E8B2D00310BFD /* Release */ = {
			isa = XCBuildConfiguration;
			buildSettings = {
				ASSETCATALOG_COMPILER_APPICON_NAME = AppIcon;
				DEVELOPMENT_TEAM = Q5MZT8NG66;
				FRAMEWORK_SEARCH_PATHS = (
					"$(inherited)",
					"$(PROJECT_DIR)",
				);
				INFOPLIST_FILE = iOSArduinoControl/Info.plist;
				LD_RUNPATH_SEARCH_PATHS = "$(inherited) @executable_path/Frameworks";
				PRODUCT_BUNDLE_IDENTIFIER = at.htlwels.iOSArduinoControl;
				PRODUCT_NAME = "$(TARGET_NAME)";
				SWIFT_VERSION = 3.0;
			};
			name = Release;
		};
/* End XCBuildConfiguration section */

/* Begin XCConfigurationList section */
		DB334E7F1D8E8B2D00310BFD /* Build configuration list for PBXProject "iOSArduinoControl" */ = {
			isa = XCConfigurationList;
			buildConfigurations = (
				DB334EB71D8E8B2D00310BFD /* Debug */,
				DB334EB81D8E8B2D00310BFD /* Release */,
			);
			defaultConfigurationIsVisible = 0;
			defaultConfigurationName = Release;
		};
		DB334EB91D8E8B2D00310BFD /* Build configuration list for PBXNativeTarget "iOSArduinoControl WatchKit Extension" */ = {
			isa = XCConfigurationList;
			buildConfigurations = (
				DB334EBA1D8E8B2D00310BFD /* Debug */,
				DB334EBB1D8E8B2D00310BFD /* Release */,
			);
			defaultConfigurationIsVisible = 0;
		};
		DB334EBD1D8E8B2D00310BFD /* Build configuration list for PBXNativeTarget "iOSArduinoControl WatchKit App" */ = {
			isa = XCConfigurationList;
			buildConfigurations = (
				DB334EBE1D8E8B2D00310BFD /* Debug */,
				DB334EBF1D8E8B2D00310BFD /* Release */,
			);
			defaultConfigurationIsVisible = 0;
		};
		DB334EC11D8E8B2D00310BFD /* Build configuration list for PBXNativeTarget "iOSArduinoControl" */ = {
			isa = XCConfigurationList;
			buildConfigurations = (
				DB334EC21D8E8B2D00310BFD /* Debug */,
				DB334EC31D8E8B2D00310BFD /* Release */,
			);
			defaultConfigurationIsVisible = 0;
		};
/* End XCConfigurationList section */
	};
	rootObject = DB334E7C1D8E8B2D00310BFD /* Project object */;
}
